
Microsoft Visual Studio Solution File, Format Version 12.00
# Visual Studio Version 16
VisualStudioVersion = 16.0.32428.217
MinimumVisualStudioVersion = 10.0.40219.1
Project("{9A19103F-16F7-4668-BE54-9A1E7A4F7556}") = "Ielts_Platform", "Ielts_Platform\Ielts_Platform.csproj", "{1E1DCE35-1092-4F15-9A62-4C3570A479C9}"
EndProject
Project("{9A19103F-16F7-4668-BE54-9A1E7A4F7556}") = "BusinessAccess", "BusinessAccess\BusinessAccess.csproj", "{2ADE5874-D58A-4948-BA4B-DE900479B32B}"
EndProject
Project("{9A19103F-16F7-4668-BE54-9A1E7A4F7556}") = "DataAccess", "DataAccess\DataAccess.csproj", "{03DC95FF-D606-4FEC-81EA-54BD3C4EBCD0}"
EndProject
Project("{9A19103F-16F7-4668-BE54-9A1E7A4F7556}") = "DataModel", "DataModel\DataModel.csproj", "{B33D0EE3-2757-4FB9-AD3C-402CC30D260F}"
EndProject
Project("{9A19103F-16F7-4668-BE54-9A1E7A4F7556}") = "Ielts_Admin", "Ielts_Admin\Ielts_Admin.csproj", "{BF9E566B-80DB-4311-93FD-492A74D76F26}"
EndProject
Project("{FAE04EC0-301F-11D3-BF4B-00C04F79EFBC}") = "Ielts_Student", "Ielts_Student\Ielts_Student.csproj", "{BF5AFE55-B8B9-452B-B5AE-B1F0EC20347B}"
EndProject
Global
	GlobalSection(SolutionConfigurationPlatforms) = preSolution
		Debug|Any CPU = Debug|Any CPU
		Release|Any CPU = Release|Any CPU
	EndGlobalSection
	GlobalSection(ProjectConfigurationPlatforms) = postSolution
		{1E1DCE35-1092-4F15-9A62-4C3570A479C9}.Debug|Any CPU.ActiveCfg = Debug|Any CPU
		{1E1DCE35-1092-4F15-9A62-4C3570A479C9}.Debug|Any CPU.Build.0 = Debug|Any CPU
		{1E1DCE35-1092-4F15-9A62-4C3570A479C9}.Release|Any CPU.ActiveCfg = Release|Any CPU
		{1E1DCE35-1092-4F15-9A62-4C3570A479C9}.Release|Any CPU.Build.0 = Release|Any CPU
		{2ADE5874-D58A-4948-BA4B-DE900479B32B}.Debug|Any CPU.ActiveCfg = Debug|Any CPU
		{2ADE5874-D58A-4948-BA4B-DE900479B32B}.Debug|Any CPU.Build.0 = Debug|Any CPU
		{2ADE5874-D58A-4948-BA4B-DE900479B32B}.Release|Any CPU.ActiveCfg = Release|Any CPU
		{2ADE5874-D58A-4948-BA4B-DE900479B32B}.Release|Any CPU.Build.0 = Release|Any CPU
		{03DC95FF-D606-4FEC-81EA-54BD3C4EBCD0}.Debug|Any CPU.ActiveCfg = Debug|Any CPU
		{03DC95FF-D606-4FEC-81EA-54BD3C4EBCD0}.Debug|Any CPU.Build.0 = Debug|Any CPU
		{03DC95FF-D606-4FEC-81EA-54BD3C4EBCD0}.Release|Any CPU.ActiveCfg = Release|Any CPU
		{03DC95FF-D606-4FEC-81EA-54BD3C4EBCD0}.Release|Any CPU.Build.0 = Release|Any CPU
		{B33D0EE3-2757-4FB9-AD3C-402CC30D260F}.Debug|Any CPU.ActiveCfg = Debug|Any CPU
		{B33D0EE3-2757-4FB9-AD3C-402CC30D260F}.Debug|Any CPU.Build.0 = Debug|Any CPU
		{B33D0EE3-2757-4FB9-AD3C-402CC30D260F}.Release|Any CPU.ActiveCfg = Release|Any CPU
		{B33D0EE3-2757-4FB9-AD3C-402CC30D260F}.Release|Any CPU.Build.0 = Release|Any CPU
		{BF9E566B-80DB-4311-93FD-492A74D76F26}.Debug|Any CPU.ActiveCfg = Debug|Any CPU
		{BF9E566B-80DB-4311-93FD-492A74D76F26}.Debug|Any CPU.Build.0 = Debug|Any CPU
		{BF9E566B-80DB-4311-93FD-492A74D76F26}.Release|Any CPU.ActiveCfg = Release|Any CPU
		{BF9E566B-80DB-4311-93FD-492A74D76F26}.Release|Any CPU.Build.0 = Release|Any CPU
		{BF5AFE55-B8B9-452B-B5AE-B1F0EC20347B}.Debug|Any CPU.ActiveCfg = Debug|Any CPU
		{BF5AFE55-B8B9-452B-B5AE-B1F0EC20347B}.Debug|Any CPU.Build.0 = Debug|Any CPU
		{BF5AFE55-B8B9-452B-B5AE-B1F0EC20347B}.Release|Any CPU.ActiveCfg = Release|Any CPU
		{BF5AFE55-B8B9-452B-B5AE-B1F0EC20347B}.Release|Any CPU.Build.0 = Release|Any CPU
	EndGlobalSection
	GlobalSection(SolutionProperties) = preSolution
		HideSolutionNode = FALSE
	EndGlobalSection
	GlobalSection(ExtensibilityGlobals) = postSolution
		SolutionGuid = {6BDBE393-B151-4315-9529-C7D0D920637C}
	EndGlobalSection
EndGlobal
